// !$*UTF8*$!
{
	archiveVersion = 1;
	classes = {
	};
	objectVersion = 51;
	objects = {

/* Begin PBXBuildFile section */
		58FB9956EEC027FBED3488BE /* Pods_SoftExpert.framework in Frameworks */ = {isa = PBXBuildFile; fileRef = 12399CEA6B472EDE7AAADEB3 /* Pods_SoftExpert.framework */; };
		7F056AB123FB4E610038C71B /* AppDelegate.swift in Sources */ = {isa = PBXBuildFile; fileRef = 7F056AB023FB4E610038C71B /* AppDelegate.swift */; };
		7F056AB323FB4E610038C71B /* SceneDelegate.swift in Sources */ = {isa = PBXBuildFile; fileRef = 7F056AB223FB4E610038C71B /* SceneDelegate.swift */; };
		7F056AB523FB4E610038C71B /* ViewController.swift in Sources */ = {isa = PBXBuildFile; fileRef = 7F056AB423FB4E610038C71B /* ViewController.swift */; };
		7F056AB823FB4E610038C71B /* Main.storyboard in Resources */ = {isa = PBXBuildFile; fileRef = 7F056AB623FB4E610038C71B /* Main.storyboard */; };
		7F056ABB23FB4E610038C71B /* SoftExpert.xcdatamodeld in Sources */ = {isa = PBXBuildFile; fileRef = 7F056AB923FB4E610038C71B /* SoftExpert.xcdatamodeld */; };
		7F056ABD23FB4E640038C71B /* Assets.xcassets in Resources */ = {isa = PBXBuildFile; fileRef = 7F056ABC23FB4E640038C71B /* Assets.xcassets */; };
		7F056AC023FB4E640038C71B /* LaunchScreen.storyboard in Resources */ = {isa = PBXBuildFile; fileRef = 7F056ABE23FB4E640038C71B /* LaunchScreen.storyboard */; };
		7F056ACB23FB4E640038C71B /* SoftExpertTests.swift in Sources */ = {isa = PBXBuildFile; fileRef = 7F056ACA23FB4E640038C71B /* SoftExpertTests.swift */; };
		7FC37CD3240008EF0045698C /* ReciepeDetails.swift in Sources */ = {isa = PBXBuildFile; fileRef = 7FC37CD2240008EF0045698C /* ReciepeDetails.swift */; };
		7FF7750723FDC158006F03BF /* RecipeTableViewCell.swift in Sources */ = {isa = PBXBuildFile; fileRef = 7FF7750623FDC158006F03BF /* RecipeTableViewCell.swift */; };
		7FF7750923FDC242006F03BF /* ApiRequest.swift in Sources */ = {isa = PBXBuildFile; fileRef = 7FF7750823FDC242006F03BF /* ApiRequest.swift */; };
		7FF7750C23FDC263006F03BF /* AlertBuilder.swift in Sources */ = {isa = PBXBuildFile; fileRef = 7FF7750A23FDC263006F03BF /* AlertBuilder.swift */; };
		7FF7750D23FDC263006F03BF /* NetworkHandler.swift in Sources */ = {isa = PBXBuildFile; fileRef = 7FF7750B23FDC263006F03BF /* NetworkHandler.swift */; };
		7FF7751023FDC375006F03BF /* UIViewHelper.swift in Sources */ = {isa = PBXBuildFile; fileRef = 7FF7750F23FDC375006F03BF /* UIViewHelper.swift */; };
		7FF7751223FDC9BC006F03BF /* Error.swift in Sources */ = {isa = PBXBuildFile; fileRef = 7FF7751123FDC9BC006F03BF /* Error.swift */; };
		7FF8380623FCB02E00757717 /* RecipeModel.swift in Sources */ = {isa = PBXBuildFile; fileRef = 7FF8380523FCB02E00757717 /* RecipeModel.swift */; };
		7FF8380823FCB35B00757717 /* RecipeSearchViewController.swift in Sources */ = {isa = PBXBuildFile; fileRef = 7FF8380723FCB35B00757717 /* RecipeSearchViewController.swift */; };
/* End PBXBuildFile section */

/* Begin PBXContainerItemProxy section */
		7F056AC723FB4E640038C71B /* PBXContainerItemProxy */ = {
			isa = PBXContainerItemProxy;
			containerPortal = 7F056AA523FB4E610038C71B /* Project object */;
			proxyType = 1;
			remoteGlobalIDString = 7F056AAC23FB4E610038C71B;
			remoteInfo = SoftExpert;
		};
/* End PBXContainerItemProxy section */

/* Begin PBXFileReference section */
		0CA488595535927E23009744 /* Pods-SoftExpert.debug.xcconfig */ = {isa = PBXFileReference; includeInIndex = 1; lastKnownFileType = text.xcconfig; name = "Pods-SoftExpert.debug.xcconfig"; path = "Target Support Files/Pods-SoftExpert/Pods-SoftExpert.debug.xcconfig"; sourceTree = "<group>"; };
		12399CEA6B472EDE7AAADEB3 /* Pods_SoftExpert.framework */ = {isa = PBXFileReference; explicitFileType = wrapper.framework; includeInIndex = 0; path = Pods_SoftExpert.framework; sourceTree = BUILT_PRODUCTS_DIR; };
		7F056AAD23FB4E610038C71B /* SoftExpert.app */ = {isa = PBXFileReference; explicitFileType = wrapper.application; includeInIndex = 0; path = SoftExpert.app; sourceTree = BUILT_PRODUCTS_DIR; };
		7F056AB023FB4E610038C71B /* AppDelegate.swift */ = {isa = PBXFileReference; lastKnownFileType = sourcecode.swift; path = AppDelegate.swift; sourceTree = "<group>"; };
		7F056AB223FB4E610038C71B /* SceneDelegate.swift */ = {isa = PBXFileReference; lastKnownFileType = sourcecode.swift; path = SceneDelegate.swift; sourceTree = "<group>"; };
		7F056AB423FB4E610038C71B /* ViewController.swift */ = {isa = PBXFileReference; lastKnownFileType = sourcecode.swift; path = ViewController.swift; sourceTree = "<group>"; };
		7F056AB723FB4E610038C71B /* Base */ = {isa = PBXFileReference; lastKnownFileType = file.storyboard; name = Base; path = Base.lproj/Main.storyboard; sourceTree = "<group>"; };
		7F056ABA23FB4E610038C71B /* SoftExpert.xcdatamodel */ = {isa = PBXFileReference; lastKnownFileType = wrapper.xcdatamodel; path = SoftExpert.xcdatamodel; sourceTree = "<group>"; };
		7F056ABC23FB4E640038C71B /* Assets.xcassets */ = {isa = PBXFileReference; lastKnownFileType = folder.assetcatalog; path = Assets.xcassets; sourceTree = "<group>"; };
		7F056ABF23FB4E640038C71B /* Base */ = {isa = PBXFileReference; lastKnownFileType = file.storyboard; name = Base; path = Base.lproj/LaunchScreen.storyboard; sourceTree = "<group>"; };
		7F056AC123FB4E640038C71B /* Info.plist */ = {isa = PBXFileReference; lastKnownFileType = text.plist.xml; path = Info.plist; sourceTree = "<group>"; };
		7F056AC623FB4E640038C71B /* SoftExpertTests.xctest */ = {isa = PBXFileReference; explicitFileType = wrapper.cfbundle; includeInIndex = 0; path = SoftExpertTests.xctest; sourceTree = BUILT_PRODUCTS_DIR; };
		7F056ACA23FB4E640038C71B /* SoftExpertTests.swift */ = {isa = PBXFileReference; lastKnownFileType = sourcecode.swift; path = SoftExpertTests.swift; sourceTree = "<group>"; };
		7F056ACC23FB4E640038C71B /* Info.plist */ = {isa = PBXFileReference; lastKnownFileType = text.plist.xml; path = Info.plist; sourceTree = "<group>"; };
		7FC37CD2240008EF0045698C /* ReciepeDetails.swift */ = {isa = PBXFileReference; lastKnownFileType = sourcecode.swift; path = ReciepeDetails.swift; sourceTree = "<group>"; };
		7FF7750623FDC158006F03BF /* RecipeTableViewCell.swift */ = {isa = PBXFileReference; lastKnownFileType = sourcecode.swift; path = RecipeTableViewCell.swift; sourceTree = "<group>"; };
		7FF7750823FDC242006F03BF /* ApiRequest.swift */ = {isa = PBXFileReference; lastKnownFileType = sourcecode.swift; path = ApiRequest.swift; sourceTree = "<group>"; };
		7FF7750A23FDC263006F03BF /* AlertBuilder.swift */ = {isa = PBXFileReference; fileEncoding = 4; lastKnownFileType = sourcecode.swift; path = AlertBuilder.swift; sourceTree = "<group>"; };
		7FF7750B23FDC263006F03BF /* NetworkHandler.swift */ = {isa = PBXFileReference; fileEncoding = 4; lastKnownFileType = sourcecode.swift; path = NetworkHandler.swift; sourceTree = "<group>"; };
		7FF7750F23FDC375006F03BF /* UIViewHelper.swift */ = {isa = PBXFileReference; fileEncoding = 4; lastKnownFileType = sourcecode.swift; path = UIViewHelper.swift; sourceTree = "<group>"; };
		7FF7751123FDC9BC006F03BF /* Error.swift */ = {isa = PBXFileReference; fileEncoding = 4; lastKnownFileType = sourcecode.swift; path = Error.swift; sourceTree = "<group>"; };
		7FF8380523FCB02E00757717 /* RecipeModel.swift */ = {isa = PBXFileReference; lastKnownFileType = sourcecode.swift; path = RecipeModel.swift; sourceTree = "<group>"; };
		7FF8380723FCB35B00757717 /* RecipeSearchViewController.swift */ = {isa = PBXFileReference; lastKnownFileType = sourcecode.swift; path = RecipeSearchViewController.swift; sourceTree = "<group>"; };
		AA1F22FA597AF985967AF2CD /* Pods-SoftExpert.release.xcconfig */ = {isa = PBXFileReference; includeInIndex = 1; lastKnownFileType = text.xcconfig; name = "Pods-SoftExpert.release.xcconfig"; path = "Target Support Files/Pods-SoftExpert/Pods-SoftExpert.release.xcconfig"; sourceTree = "<group>"; };
/* End PBXFileReference section */

/* Begin PBXFrameworksBuildPhase section */
		7F056AAA23FB4E610038C71B /* Frameworks */ = {
			isa = PBXFrameworksBuildPhase;
			buildActionMask = 2147483647;
			files = (
				58FB9956EEC027FBED3488BE /* Pods_SoftExpert.framework in Frameworks */,
			);
			runOnlyForDeploymentPostprocessing = 0;
		};
		7F056AC323FB4E640038C71B /* Frameworks */ = {
			isa = PBXFrameworksBuildPhase;
			buildActionMask = 2147483647;
			files = (
			);
			runOnlyForDeploymentPostprocessing = 0;
		};
/* End PBXFrameworksBuildPhase section */

/* Begin PBXGroup section */
		4345EE007D9F2E315499C8B0 /* Pods */ = {
			isa = PBXGroup;
			children = (
				0CA488595535927E23009744 /* Pods-SoftExpert.debug.xcconfig */,
				AA1F22FA597AF985967AF2CD /* Pods-SoftExpert.release.xcconfig */,
			);
			path = Pods;
			sourceTree = "<group>";
		};
		681F644153A1EA40846976A0 /* Frameworks */ = {
			isa = PBXGroup;
			children = (
				12399CEA6B472EDE7AAADEB3 /* Pods_SoftExpert.framework */,
			);
			name = Frameworks;
			sourceTree = "<group>";
		};
		7F056AA423FB4E610038C71B = {
			isa = PBXGroup;
			children = (
				7FF7750E23FDC267006F03BF /* Utlis */,
				7FF7750823FDC242006F03BF /* ApiRequest.swift */,
				7FF8380223FCA1B200757717 /* Controller */,
				7FF8380123FCA1A900757717 /* View */,
				7FF8380023FCA1A200757717 /* Model */,
				7F056AAF23FB4E610038C71B /* SoftExpert */,
				7F056AC923FB4E640038C71B /* SoftExpertTests */,
				7F056AAE23FB4E610038C71B /* Products */,
				4345EE007D9F2E315499C8B0 /* Pods */,
				681F644153A1EA40846976A0 /* Frameworks */,
			);
			sourceTree = "<group>";
		};
		7F056AAE23FB4E610038C71B /* Products */ = {
			isa = PBXGroup;
			children = (
				7F056AAD23FB4E610038C71B /* SoftExpert.app */,
				7F056AC623FB4E640038C71B /* SoftExpertTests.xctest */,
			);
			name = Products;
			sourceTree = "<group>";
		};
		7F056AAF23FB4E610038C71B /* SoftExpert */ = {
			isa = PBXGroup;
			children = (
				7F056AB023FB4E610038C71B /* AppDelegate.swift */,
				7F056AB223FB4E610038C71B /* SceneDelegate.swift */,
				7F056AB423FB4E610038C71B /* ViewController.swift */,
				7F056ABC23FB4E640038C71B /* Assets.xcassets */,
				7F056ABE23FB4E640038C71B /* LaunchScreen.storyboard */,
				7F056AC123FB4E640038C71B /* Info.plist */,
				7F056AB923FB4E610038C71B /* SoftExpert.xcdatamodeld */,
			);
			path = SoftExpert;
			sourceTree = "<group>";
		};
		7F056AC923FB4E640038C71B /* SoftExpertTests */ = {
			isa = PBXGroup;
			children = (
				7F056ACA23FB4E640038C71B /* SoftExpertTests.swift */,
				7F056ACC23FB4E640038C71B /* Info.plist */,
			);
			path = SoftExpertTests;
			sourceTree = "<group>";
		};
		7FF7750E23FDC267006F03BF /* Utlis */ = {
			isa = PBXGroup;
			children = (
				7FF7750A23FDC263006F03BF /* AlertBuilder.swift */,
				7FF7750B23FDC263006F03BF /* NetworkHandler.swift */,
				7FF7750F23FDC375006F03BF /* UIViewHelper.swift */,
			);
			path = Utlis;
			sourceTree = "<group>";
		};
		7FF8380023FCA1A200757717 /* Model */ = {
			isa = PBXGroup;
			children = (
				7FF8380523FCB02E00757717 /* RecipeModel.swift */,
				7FF7751123FDC9BC006F03BF /* Error.swift */,
			);
			path = Model;
			sourceTree = "<group>";
		};
		7FF8380123FCA1A900757717 /* View */ = {
			isa = PBXGroup;
			children = (
				7F056AB623FB4E610038C71B /* Main.storyboard */,
				7FF7750623FDC158006F03BF /* RecipeTableViewCell.swift */,
			);
			path = View;
			sourceTree = "<group>";
		};
		7FF8380223FCA1B200757717 /* Controller */ = {
			isa = PBXGroup;
			children = (
				7FF8380723FCB35B00757717 /* RecipeSearchViewController.swift */,
				7FC37CD2240008EF0045698C /* ReciepeDetails.swift */,
			);
			path = Controller;
			sourceTree = "<group>";
		};
/* End PBXGroup section */

/* Begin PBXNativeTarget section */
		7F056AAC23FB4E610038C71B /* SoftExpert */ = {
			isa = PBXNativeTarget;
			buildConfigurationList = 7F056ACF23FB4E640038C71B /* Build configuration list for PBXNativeTarget "SoftExpert" */;
			buildPhases = (
				CE4C3146A69A06C7CF665338 /* [CP] Check Pods Manifest.lock */,
				7F056AA923FB4E610038C71B /* Sources */,
				7F056AAA23FB4E610038C71B /* Frameworks */,
				7F056AAB23FB4E610038C71B /* Resources */,
				A0CB4D0FB3271D66AAE889B8 /* [CP] Embed Pods Frameworks */,
			);
			buildRules = (
			);
			dependencies = (
			);
			name = SoftExpert;
			productName = SoftExpert;
			productReference = 7F056AAD23FB4E610038C71B /* SoftExpert.app */;
			productType = "com.apple.product-type.application";
		};
		7F056AC523FB4E640038C71B /* SoftExpertTests */ = {
			isa = PBXNativeTarget;
			buildConfigurationList = 7F056AD223FB4E640038C71B /* Build configuration list for PBXNativeTarget "SoftExpertTests" */;
			buildPhases = (
				7F056AC223FB4E640038C71B /* Sources */,
				7F056AC323FB4E640038C71B /* Frameworks */,
				7F056AC423FB4E640038C71B /* Resources */,
			);
			buildRules = (
			);
			dependencies = (
				7F056AC823FB4E640038C71B /* PBXTargetDependency */,
			);
			name = SoftExpertTests;
			productName = SoftExpertTests;
			productReference = 7F056AC623FB4E640038C71B /* SoftExpertTests.xctest */;
			productType = "com.apple.product-type.bundle.unit-test";
		};
/* End PBXNativeTarget section */

/* Begin PBXProject section */
		7F056AA523FB4E610038C71B /* Project object */ = {
			isa = PBXProject;
			attributes = {
				LastSwiftUpdateCheck = 1100;
				LastUpgradeCheck = 1100;
				TargetAttributes = {
					7F056AAC23FB4E610038C71B = {
						CreatedOnToolsVersion = 11.0;
					};
					7F056AC523FB4E640038C71B = {
						CreatedOnToolsVersion = 11.0;
						TestTargetID = 7F056AAC23FB4E610038C71B;
					};
				};
			};
			buildConfigurationList = 7F056AA823FB4E610038C71B /* Build configuration list for PBXProject "SoftExpert" */;
			compatibilityVersion = "Xcode 9.3";
			developmentRegion = en;
			hasScannedForEncodings = 0;
			knownRegions = (
				en,
				Base,
			);
			mainGroup = 7F056AA423FB4E610038C71B;
			productRefGroup = 7F056AAE23FB4E610038C71B /* Products */;
			projectDirPath = "";
			projectRoot = "";
			targets = (
				7F056AAC23FB4E610038C71B /* SoftExpert */,
				7F056AC523FB4E640038C71B /* SoftExpertTests */,
			);
		};
/* End PBXProject section */

/* Begin PBXResourcesBuildPhase section */
		7F056AAB23FB4E610038C71B /* Resources */ = {
			isa = PBXResourcesBuildPhase;
			buildActionMask = 2147483647;
			files = (
				7F056AC023FB4E640038C71B /* LaunchScreen.storyboard in Resources */,
				7F056ABD23FB4E640038C71B /* Assets.xcassets in Resources */,
				7F056AB823FB4E610038C71B /* Main.storyboard in Resources */,
			);
			runOnlyForDeploymentPostprocessing = 0;
		};
		7F056AC423FB4E640038C71B /* Resources */ = {
			isa = PBXResourcesBuildPhase;
			buildActionMask = 2147483647;
			files = (
			);
			runOnlyForDeploymentPostprocessing = 0;
		};
/* End PBXResourcesBuildPhase section */

/* Begin PBXShellScriptBuildPhase section */
		A0CB4D0FB3271D66AAE889B8 /* [CP] Embed Pods Frameworks */ = {
			isa = PBXShellScriptBuildPhase;
			buildActionMask = 2147483647;
			files = (
			);
			inputFileListPaths = (
				"${PODS_ROOT}/Target Support Files/Pods-SoftExpert/Pods-SoftExpert-frameworks-${CONFIGURATION}-input-files.xcfilelist",
			);
			name = "[CP] Embed Pods Frameworks";
			outputFileListPaths = (
				"${PODS_ROOT}/Target Support Files/Pods-SoftExpert/Pods-SoftExpert-frameworks-${CONFIGURATION}-output-files.xcfilelist",
			);
			runOnlyForDeploymentPostprocessing = 0;
			shellPath = /bin/sh;
			shellScript = "\"${PODS_ROOT}/Target Support Files/Pods-SoftExpert/Pods-SoftExpert-frameworks.sh\"\n";
			showEnvVarsInLog = 0;
		};
		CE4C3146A69A06C7CF665338 /* [CP] Check Pods Manifest.lock */ = {
			isa = PBXShellScriptBuildPhase;
			buildActionMask = 2147483647;
			files = (
			);
			inputFileListPaths = (
			);
			inputPaths = (
				"${PODS_PODFILE_DIR_PATH}/Podfile.lock",
				"${PODS_ROOT}/Manifest.lock",
			);
			name = "[CP] Check Pods Manifest.lock";
			outputFileListPaths = (
			);
			outputPaths = (
				"$(DERIVED_FILE_DIR)/Pods-SoftExpert-checkManifestLockResult.txt",
			);
			runOnlyForDeploymentPostprocessing = 0;
			shellPath = /bin/sh;
			shellScript = "diff \"${PODS_PODFILE_DIR_PATH}/Podfile.lock\" \"${PODS_ROOT}/Manifest.lock\" > /dev/null\nif [ $? != 0 ] ; then\n    # print error to STDERR\n    echo \"error: The sandbox is not in sync with the Podfile.lock. Run 'pod install' or update your CocoaPods installation.\" >&2\n    exit 1\nfi\n# This output is used by Xcode 'outputs' to avoid re-running this script phase.\necho \"SUCCESS\" > \"${SCRIPT_OUTPUT_FILE_0}\"\n";
			showEnvVarsInLog = 0;
		};
/* End PBXShellScriptBuildPhase section */

/* Begin PBXSourcesBuildPhase section */
		7F056AA923FB4E610038C71B /* Sources */ = {
			isa = PBXSourcesBuildPhase;
			buildActionMask = 2147483647;
			files = (
				7FF7750C23FDC263006F03BF /* AlertBuilder.swift in Sources */,
				7FF7751023FDC375006F03BF /* UIViewHelper.swift in Sources */,
				7F056AB523FB4E610038C71B /* ViewController.swift in Sources */,
				7F056AB123FB4E610038C71B /* AppDelegate.swift in Sources */,
				7FF7751223FDC9BC006F03BF /* Error.swift in Sources */,
				7FF7750D23FDC263006F03BF /* NetworkHandler.swift in Sources */,
				7FF8380823FCB35B00757717 /* RecipeSearchViewController.swift in Sources */,
				7FF7750723FDC158006F03BF /* RecipeTableViewCell.swift in Sources */,
				7F056AB323FB4E610038C71B /* SceneDelegate.swift in Sources */,
				7FC37CD3240008EF0045698C /* ReciepeDetails.swift in Sources */,
				7F056ABB23FB4E610038C71B /* SoftExpert.xcdatamodeld in Sources */,
				7FF7750923FDC242006F03BF /* ApiRequest.swift in Sources */,
				7FF8380623FCB02E00757717 /* RecipeModel.swift in Sources */,
			);
			runOnlyForDeploymentPostprocessing = 0;
		};
		7F056AC223FB4E640038C71B /* Sources */ = {
			isa = PBXSourcesBuildPhase;
			buildActionMask = 2147483647;
			files = (
				7F056ACB23FB4E640038C71B /* SoftExpertTests.swift in Sources */,
			);
			runOnlyForDeploymentPostprocessing = 0;
		};
/* End PBXSourcesBuildPhase section */

/* Begin PBXTargetDependency section */
		7F056AC823FB4E640038C71B /* PBXTargetDependency */ = {
			isa = PBXTargetDependency;
			target = 7F056AAC23FB4E610038C71B /* SoftExpert */;
			targetProxy = 7F056AC723FB4E640038C71B /* PBXContainerItemProxy */;
		};
/* End PBXTargetDependency section */

/* Begin PBXVariantGroup section */
		7F056AB623FB4E610038C71B /* Main.storyboard */ = {
			isa = PBXVariantGroup;
			children = (
				7F056AB723FB4E610038C71B /* Base */,
			);
			name = Main.storyboard;
			sourceTree = "<group>";
		};
		7F056ABE23FB4E640038C71B /* LaunchScreen.storyboard */ = {
			isa = PBXVariantGroup;
			children = (
				7F056ABF23FB4E640038C71B /* Base */,
			);
			name = LaunchScreen.storyboard;
			sourceTree = "<group>";
		};
/* End PBXVariantGroup section */

/* Begin XCBuildConfiguration section */
		7F056ACD23FB4E640038C71B /* Debug */ = {
			isa = XCBuildConfiguration;
			buildSettings = {
				ALWAYS_SEARCH_USER_PATHS = NO;
				CLANG_ANALYZER_NONNULL = YES;
				CLANG_ANALYZER_NUMBER_OBJECT_CONVERSION = YES_AGGRESSIVE;
				CLANG_CXX_LANGUAGE_STANDARD = "gnu++14";
				CLANG_CXX_LIBRARY = "libc++";
				CLANG_ENABLE_MODULES = YES;
				CLANG_ENABLE_OBJC_ARC = YES;
				CLANG_ENABLE_OBJC_WEAK = YES;
				CLANG_WARN_BLOCK_CAPTURE_AUTORELEASING = YES;
				CLANG_WARN_BOOL_CONVERSION = YES;
				CLANG_WARN_COMMA = YES;
				CLANG_WARN_CONSTANT_CONVERSION = YES;
				CLANG_WARN_DEPRECATED_OBJC_IMPLEMENTATIONS = YES;
				CLANG_WARN_DIRECT_OBJC_ISA_USAGE = YES_ERROR;
				CLANG_WARN_DOCUMENTATION_COMMENTS = YES;
				CLANG_WARN_EMPTY_BODY = YES;
				CLANG_WARN_ENUM_CONVERSION = YES;
				CLANG_WARN_INFINITE_RECURSION = YES;
				CLANG_WARN_INT_CONVERSION = YES;
				CLANG_WARN_NON_LITERAL_NULL_CONVERSION = YES;
				CLANG_WARN_OBJC_IMPLICIT_RETAIN_SELF = YES;
				CLANG_WARN_OBJC_LITERAL_CONVERSION = YES;
				CLANG_WARN_OBJC_ROOT_CLASS = YES_ERROR;
				CLANG_WARN_RANGE_LOOP_ANALYSIS = YES;
				CLANG_WARN_STRICT_PROTOTYPES = YES;
				CLANG_WARN_SUSPICIOUS_MOVE = YES;
				CLANG_WARN_UNGUARDED_AVAILABILITY = YES_AGGRESSIVE;
				CLANG_WARN_UNREACHABLE_CODE = YES;
				CLANG_WARN__DUPLICATE_METHOD_MATCH = YES;
				COPY_PHASE_STRIP = NO;
				DEBUG_INFORMATION_FORMAT = dwarf;
				ENABLE_STRICT_OBJC_MSGSEND = YES;
				ENABLE_TESTABILITY = YES;
				GCC_C_LANGUAGE_STANDARD = gnu11;
				GCC_DYNAMIC_NO_PIC = NO;
				GCC_NO_COMMON_BLOCKS = YES;
				GCC_OPTIMIZATION_LEVEL = 0;
				GCC_PREPROCESSOR_DEFINITIONS = (
					"DEBUG=1",
					"$(inherited)",
				);
				GCC_WARN_64_TO_32_BIT_CONVERSION = YES;
				GCC_WARN_ABOUT_RETURN_TYPE = YES_ERROR;
				GCC_WARN_UNDECLARED_SELECTOR = YES;
				GCC_WARN_UNINITIALIZED_AUTOS = YES_AGGRESSIVE;
				GCC_WARN_UNUSED_FUNCTION = YES;
				GCC_WARN_UNUSED_VARIABLE = YES;
				IPHONEOS_DEPLOYMENT_TARGET = 9.0;
				MTL_ENABLE_DEBUG_INFO = INCLUDE_SOURCE;
				MTL_FAST_MATH = YES;
				ONLY_ACTIVE_ARCH = YES;
				SDKROOT = iphoneos;
				SWIFT_ACTIVE_COMPILATION_CONDITIONS = DEBUG;
				SWIFT_OPTIMIZATION_LEVEL = "-Onone";
			};
			name = Debug;
		};
		7F056ACE23FB4E640038C71B /* Release */ = {
			isa = XCBuildConfiguration;
			buildSettings = {
				ALWAYS_SEARCH_USER_PATHS = NO;
				CLANG_ANALYZER_NONNULL = YES;
				CLANG_ANALYZER_NUMBER_OBJECT_CONVERSION = YES_AGGRESSIVE;
				CLANG_CXX_LANGUAGE_STANDARD = "gnu++14";
				CLANG_CXX_LIBRARY = "libc++";
				CLANG_ENABLE_MODULES = YES;
				CLANG_ENABLE_OBJC_ARC = YES;
				CLANG_ENABLE_OBJC_WEAK = YES;
				CLANG_WARN_BLOCK_CAPTURE_AUTORELEASING = YES;
				CLANG_WARN_BOOL_CONVERSION = YES;
				CLANG_WARN_COMMA = YES;
				CLANG_WARN_CONSTANT_CONVERSION = YES;
				CLANG_WARN_DEPRECATED_OBJC_IMPLEMENTATIONS = YES;
				CLANG_WARN_DIRECT_OBJC_ISA_USAGE = YES_ERROR;
				CLANG_WARN_DOCUMENTATION_COMMENTS = YES;
				CLANG_WARN_EMPTY_BODY = YES;
				CLANG_WARN_ENUM_CONVERSION = YES;
				CLANG_WARN_INFINITE_RECURSION = YES;
				CLANG_WARN_INT_CONVERSION = YES;
				CLANG_WARN_NON_LITERAL_NULL_CONVERSION = YES;
				CLANG_WARN_OBJC_IMPLICIT_RETAIN_SELF = YES;
				CLANG_WARN_OBJC_LITERAL_CONVERSION = YES;
				CLANG_WARN_OBJC_ROOT_CLASS = YES_ERROR;
				CLANG_WARN_RANGE_LOOP_ANALYSIS = YES;
				CLANG_WARN_STRICT_PROTOTYPES = YES;
				CLANG_WARN_SUSPICIOUS_MOVE = YES;
				CLANG_WARN_UNGUARDED_AVAILABILITY = YES_AGGRESSIVE;
				CLANG_WARN_UNREACHABLE_CODE = YES;
				CLANG_WARN__DUPLICATE_METHOD_MATCH = YES;
				COPY_PHASE_STRIP = NO;
				DEBUG_INFORMATION_FORMAT = "dwarf-with-dsym";
				ENABLE_NS_ASSERTIONS = NO;
				ENABLE_STRICT_OBJC_MSGSEND = YES;
				GCC_C_LANGUAGE_STANDARD = gnu11;
				GCC_NO_COMMON_BLOCKS = YES;
				GCC_WARN_64_TO_32_BIT_CONVERSION = YES;
				GCC_WARN_ABOUT_RETURN_TYPE = YES_ERROR;
				GCC_WARN_UNDECLARED_SELECTOR = YES;
				GCC_WARN_UNINITIALIZED_AUTOS = YES_AGGRESSIVE;
				GCC_WARN_UNUSED_FUNCTION = YES;
				GCC_WARN_UNUSED_VARIABLE = YES;
				IPHONEOS_DEPLOYMENT_TARGET = 9.0;
				MTL_ENABLE_DEBUG_INFO = NO;
				MTL_FAST_MATH = YES;
				SDKROOT = iphoneos;
				SWIFT_COMPILATION_MODE = wholemodule;
				SWIFT_OPTIMIZATION_LEVEL = "-O";
				VALIDATE_PRODUCT = YES;
			};
			name = Release;
		};
		7F056AD023FB4E640038C71B /* Debug */ = {
			isa = XCBuildConfiguration;
			baseConfigurationReference = 0CA488595535927E23009744 /* Pods-SoftExpert.debug.xcconfig */;
			buildSettings = {
				ASSETCATALOG_COMPILER_APPICON_NAME = AppIcon;
				CODE_SIGN_STYLE = Automatic;
				DEVELOPMENT_TEAM = 4LLALR78QQ;
				INFOPLIST_FILE = SoftExpert/Info.plist;
				LD_RUNPATH_SEARCH_PATHS = (
					"$(inherited)",
					"@executable_path/Frameworks",
				);
				PRODUCT_BUNDLE_IDENTIFIER = mahmoudhlmy.SoftExpert;
				PRODUCT_NAME = "$(TARGET_NAME)";
				SWIFT_VERSION = 5.0;
				TARGETED_DEVICE_FAMILY = 1;
			};
			name = Debug;
		};
		7F056AD123FB4E640038C71B /* Release */ = {
			isa = XCBuildConfiguration;
			baseConfigurationReference = AA1F22FA597AF985967AF2CD /* Pods-SoftExpert.release.xcconfig */;
			buildSettings = {
				ASSETCATALOG_COMPILER_APPICON_NAME = AppIcon;
				CODE_SIGN_STYLE = Automatic;
				DEVELOPMENT_TEAM = 4LLALR78QQ;
				INFOPLIST_FILE = SoftExpert/Info.plist;
				LD_RUNPATH_SEARCH_PATHS = (
					"$(inherited)",
					"@executable_path/Frameworks",
				);
				PRODUCT_BUNDLE_IDENTIFIER = mahmoudhlmy.SoftExpert;
				PRODUCT_NAME = "$(TARGET_NAME)";
				SWIFT_VERSION = 5.0;
				TARGETED_DEVICE_FAMILY = 1;
			};
			name = Release;
		};
		7F056AD323FB4E640038C71B /* Debug */ = {
			isa = XCBuildConfiguration;
			buildSettings = {
				ALWAYS_EMBED_SWIFT_STANDARD_LIBRARIES = YES;
				BUNDLE_LOADER = "$(TEST_HOST)";
				CODE_SIGN_STYLE = Automatic;
				DEVELOPMENT_TEAM = 4LLALR78QQ;
				INFOPLIST_FILE = SoftExpertTests/Info.plist;
				IPHONEOS_DEPLOYMENT_TARGET = 13.0;
				LD_RUNPATH_SEARCH_PATHS = (
					"$(inherited)",
					"@executable_path/Frameworks",
					"@loader_path/Frameworks",
				);
				PRODUCT_BUNDLE_IDENTIFIER = mahmoudhlmy.SoftExpertTests;
				PRODUCT_NAME = "$(TARGET_NAME)";
				SWIFT_VERSION = 5.0;
				TARGETED_DEVICE_FAMILY = "1,2";
				TEST_HOST = "$(BUILT_PRODUCTS_DIR)/SoftExpert.app/SoftExpert";
			};
			name = Debug;
		};
		7F056AD423FB4E640038C71B /* Release */ = {
			isa = XCBuildConfiguration;
			buildSettings = {
				ALWAYS_EMBED_SWIFT_STANDARD_LIBRARIES = YES;
				BUNDLE_LOADER = "$(TEST_HOST)";
				CODE_SIGN_STYLE = Automatic;
				DEVELOPMENT_TEAM = 4LLALR78QQ;
				INFOPLIST_FILE = SoftExpertTests/Info.plist;
				IPHONEOS_DEPLOYMENT_TARGET = 13.0;
				LD_RUNPATH_SEARCH_PATHS = (
					"$(inherited)",
					"@executable_path/Frameworks",
					"@loader_path/Frameworks",
				);
				PRODUCT_BUNDLE_IDENTIFIER = mahmoudhlmy.SoftExpertTests;
				PRODUCT_NAME = "$(TARGET_NAME)";
				SWIFT_VERSION = 5.0;
				TARGETED_DEVICE_FAMILY = "1,2";
				TEST_HOST = "$(BUILT_PRODUCTS_DIR)/SoftExpert.app/SoftExpert";
			};
			name = Release;
		};
/* End XCBuildConfiguration section */

/* Begin XCConfigurationList section */
		7F056AA823FB4E610038C71B /* Build configuration list for PBXProject "SoftExpert" */ = {
			isa = XCConfigurationList;
			buildConfigurations = (
				7F056ACD23FB4E640038C71B /* Debug */,
				7F056ACE23FB4E640038C71B /* Release */,
			);
			defaultConfigurationIsVisible = 0;
			defaultConfigurationName = Release;
		};
		7F056ACF23FB4E640038C71B /* Build configuration list for PBXNativeTarget "SoftExpert" */ = {
			isa = XCConfigurationList;
			buildConfigurations = (
				7F056AD023FB4E640038C71B /* Debug */,
				7F056AD123FB4E640038C71B /* Release */,
			);
			defaultConfigurationIsVisible = 0;
			defaultConfigurationName = Release;
		};
		7F056AD223FB4E640038C71B /* Build configuration list for PBXNativeTarget "SoftExpertTests" */ = {
			isa = XCConfigurationList;
			buildConfigurations = (
				7F056AD323FB4E640038C71B /* Debug */,
				7F056AD423FB4E640038C71B /* Release */,
			);
			defaultConfigurationIsVisible = 0;
			defaultConfigurationName = Release;
		};
/* End XCConfigurationList section */

/* Begin XCVersionGroup section */
		7F056AB923FB4E610038C71B /* SoftExpert.xcdatamodeld */ = {
			isa = XCVersionGroup;
			children = (
				7F056ABA23FB4E610038C71B /* SoftExpert.xcdatamodel */,
			);
			currentVersion = 7F056ABA23FB4E610038C71B /* SoftExpert.xcdatamodel */;
			path = SoftExpert.xcdatamodeld;
			sourceTree = "<group>";
			versionGroupType = wrapper.xcdatamodel;
		};
/* End XCVersionGroup section */
	};
	rootObject = 7F056AA523FB4E610038C71B /* Project object */;
}
